PODS:
  - IQKeyboardManagerSwift (6.1.1)
  - RSFormView (1.1.0):
    - IQKeyboardManagerSwift (~> 6.1.1)

DEPENDENCIES:
  - RSFormView (~> 1.1.0)

SPEC REPOS:
  https://github.com/cocoapods/specs.git:
    - IQKeyboardManagerSwift
    - RSFormView

SPEC CHECKSUMS:
  IQKeyboardManagerSwift: 977affaeb4d6e971975c7790a6850f31d38f1207
  RSFormView: 8c323dbb785aa636944f41adc8a020e8b97fe3fb

PODFILE CHECKSUM: 496eca5cbf551c4b8890466f99e851394a997d9e

COCOAPODS: 1.6.2
